// !$*UTF8*$!
{
	archiveVersion = 1;
	classes = {
	};
	objectVersion = 50;
	objects = {

/* Begin PBXBuildFile section */
		532039412212415100AB3089 /* AppDelegate.swift in Sources */ = {isa = PBXBuildFile; fileRef = 532039402212415100AB3089 /* AppDelegate.swift */; };
		532039462212415100AB3089 /* Main.storyboard in Resources */ = {isa = PBXBuildFile; fileRef = 532039442212415100AB3089 /* Main.storyboard */; };
		532039482212415300AB3089 /* Assets.xcassets in Resources */ = {isa = PBXBuildFile; fileRef = 532039472212415300AB3089 /* Assets.xcassets */; };
		5320394B2212415300AB3089 /* LaunchScreen.storyboard in Resources */ = {isa = PBXBuildFile; fileRef = 532039492212415300AB3089 /* LaunchScreen.storyboard */; };
		532039532212634D00AB3089 /* LoginViewController.swift in Sources */ = {isa = PBXBuildFile; fileRef = 532039522212634D00AB3089 /* LoginViewController.swift */; };
		532039552212636700AB3089 /* FeedViewController.swift in Sources */ = {isa = PBXBuildFile; fileRef = 532039542212636700AB3089 /* FeedViewController.swift */; };
		5335A9D022260AF100B427DF /* CommentCell.swift in Sources */ = {isa = PBXBuildFile; fileRef = 5335A9CF22260AF100B427DF /* CommentCell.swift */; };
		53CF44A3221A4F6700D5C231 /* CameraViewController.swift in Sources */ = {isa = PBXBuildFile; fileRef = 53CF44A2221A4F6700D5C231 /* CameraViewController.swift */; };
		53CF44A5221A68E500D5C231 /* PostTableViewCell.swift in Sources */ = {isa = PBXBuildFile; fileRef = 53CF44A4221A68E500D5C231 /* PostTableViewCell.swift */; };
		7AE93114F59B636C9BDA66FA /* Pods_Finstagram.framework in Frameworks */ = {isa = PBXBuildFile; fileRef = 145F172FA902EE7631AA47A2 /* Pods_Finstagram.framework */; };
/* End PBXBuildFile section */

/* Begin PBXFileReference section */
		145F172FA902EE7631AA47A2 /* Pods_Finstagram.framework */ = {isa = PBXFileReference; explicitFileType = wrapper.framework; includeInIndex = 0; path = Pods_Finstagram.framework; sourceTree = BUILT_PRODUCTS_DIR; };
		5320393D2212415100AB3089 /* Finstagram.app */ = {isa = PBXFileReference; explicitFileType = wrapper.application; includeInIndex = 0; path = Finstagram.app; sourceTree = BUILT_PRODUCTS_DIR; };
		532039402212415100AB3089 /* AppDelegate.swift */ = {isa = PBXFileReference; lastKnownFileType = sourcecode.swift; path = AppDelegate.swift; sourceTree = "<group>"; };
		532039452212415100AB3089 /* Base */ = {isa = PBXFileReference; lastKnownFileType = file.storyboard; name = Base; path = Base.lproj/Main.storyboard; sourceTree = "<group>"; };
		532039472212415300AB3089 /* Assets.xcassets */ = {isa = PBXFileReference; lastKnownFileType = folder.assetcatalog; path = Assets.xcassets; sourceTree = "<group>"; };
		5320394A2212415300AB3089 /* Base */ = {isa = PBXFileReference; lastKnownFileType = file.storyboard; name = Base; path = Base.lproj/LaunchScreen.storyboard; sourceTree = "<group>"; };
		5320394C2212415300AB3089 /* Info.plist */ = {isa = PBXFileReference; lastKnownFileType = text.plist.xml; path = Info.plist; sourceTree = "<group>"; };
		532039522212634D00AB3089 /* LoginViewController.swift */ = {isa = PBXFileReference; lastKnownFileType = sourcecode.swift; name = LoginViewController.swift; path = /Users/keith/Documents/GitHub/Finstagram/Finstagram/LoginViewController.swift; sourceTree = "<absolute>"; };
		532039542212636700AB3089 /* FeedViewController.swift */ = {isa = PBXFileReference; lastKnownFileType = sourcecode.swift; path = FeedViewController.swift; sourceTree = "<group>"; };
		5335A9CF22260AF100B427DF /* CommentCell.swift */ = {isa = PBXFileReference; lastKnownFileType = sourcecode.swift; path = CommentCell.swift; sourceTree = "<group>"; };
		53CF44A2221A4F6700D5C231 /* CameraViewController.swift */ = {isa = PBXFileReference; lastKnownFileType = sourcecode.swift; path = CameraViewController.swift; sourceTree = "<group>"; };
		53CF44A4221A68E500D5C231 /* PostTableViewCell.swift */ = {isa = PBXFileReference; lastKnownFileType = sourcecode.swift; path = PostTableViewCell.swift; sourceTree = "<group>"; };
		55C4038547E6DF75D9F74BC0 /* Pods-Finstagram.release.xcconfig */ = {isa = PBXFileReference; includeInIndex = 1; lastKnownFileType = text.xcconfig; name = "Pods-Finstagram.release.xcconfig"; path = "Pods/Target Support Files/Pods-Finstagram/Pods-Finstagram.release.xcconfig"; sourceTree = "<group>"; };
		C2EE96DBB86F484E49DA937A /* Pods-Finstagram.debug.xcconfig */ = {isa = PBXFileReference; includeInIndex = 1; lastKnownFileType = text.xcconfig; name = "Pods-Finstagram.debug.xcconfig"; path = "Pods/Target Support Files/Pods-Finstagram/Pods-Finstagram.debug.xcconfig"; sourceTree = "<group>"; };
/* End PBXFileReference section */

/* Begin PBXFrameworksBuildPhase section */
		5320393A2212415100AB3089 /* Frameworks */ = {
			isa = PBXFrameworksBuildPhase;
			buildActionMask = 2147483647;
			files = (
				7AE93114F59B636C9BDA66FA /* Pods_Finstagram.framework in Frameworks */,
			);
			runOnlyForDeploymentPostprocessing = 0;
		};
/* End PBXFrameworksBuildPhase section */

/* Begin PBXGroup section */
		532039342212415100AB3089 = {
			isa = PBXGroup;
			children = (
				5320393F2212415100AB3089 /* Finstagram */,
				5320393E2212415100AB3089 /* Products */,
				94A9B7BAA6D8495E1E12607D /* Pods */,
				EFF53BEACB48844BB76FB2D2 /* Frameworks */,
			);
			sourceTree = "<group>";
		};
		5320393E2212415100AB3089 /* Products */ = {
			isa = PBXGroup;
			children = (
				5320393D2212415100AB3089 /* Finstagram.app */,
			);
			name = Products;
			sourceTree = "<group>";
		};
		5320393F2212415100AB3089 /* Finstagram */ = {
			isa = PBXGroup;
			children = (
				532039522212634D00AB3089 /* LoginViewController.swift */,
				532039402212415100AB3089 /* AppDelegate.swift */,
				532039442212415100AB3089 /* Main.storyboard */,
				5335A9CF22260AF100B427DF /* CommentCell.swift */,
				53CF44A4221A68E500D5C231 /* PostTableViewCell.swift */,
				53CF44A2221A4F6700D5C231 /* CameraViewController.swift */,
				532039472212415300AB3089 /* Assets.xcassets */,
				532039492212415300AB3089 /* LaunchScreen.storyboard */,
				5320394C2212415300AB3089 /* Info.plist */,
				532039542212636700AB3089 /* FeedViewController.swift */,
			);
			path = Finstagram;
			sourceTree = "<group>";
		};
		94A9B7BAA6D8495E1E12607D /* Pods */ = {
			isa = PBXGroup;
			children = (
				C2EE96DBB86F484E49DA937A /* Pods-Finstagram.debug.xcconfig */,
				55C4038547E6DF75D9F74BC0 /* Pods-Finstagram.release.xcconfig */,
			);
			name = Pods;
			sourceTree = "<group>";
		};
		EFF53BEACB48844BB76FB2D2 /* Frameworks */ = {
			isa = PBXGroup;
			children = (
				145F172FA902EE7631AA47A2 /* Pods_Finstagram.framework */,
			);
			name = Frameworks;
			sourceTree = "<group>";
		};
/* End PBXGroup section */

/* Begin PBXNativeTarget section */
		5320393C2212415100AB3089 /* Finstagram */ = {
			isa = PBXNativeTarget;
			buildConfigurationList = 5320394F2212415300AB3089 /* Build configuration list for PBXNativeTarget "Finstagram" */;
			buildPhases = (
				E523C6895D3A115383E73825 /* [CP] Check Pods Manifest.lock */,
				532039392212415100AB3089 /* Sources */,
				5320393A2212415100AB3089 /* Frameworks */,
				5320393B2212415100AB3089 /* Resources */,
				E5A136ED816EF0F14691D179 /* [CP] Embed Pods Frameworks */,
			);
			buildRules = (
			);
			dependencies = (
			);
			name = Finstagram;
			productName = Finstagram;
			productReference = 5320393D2212415100AB3089 /* Finstagram.app */;
			productType = "com.apple.product-type.application";
		};
/* End PBXNativeTarget section */

/* Begin PBXProject section */
		532039352212415100AB3089 /* Project object */ = {
			isa = PBXProject;
			attributes = {
				LastSwiftUpdateCheck = 1010;
				LastUpgradeCheck = 1010;
				ORGANIZATIONNAME = keithatan;
				TargetAttributes = {
					5320393C2212415100AB3089 = {
						CreatedOnToolsVersion = 10.1;
					};
				};
			};
			buildConfigurationList = 532039382212415100AB3089 /* Build configuration list for PBXProject "Finstagram" */;
			compatibilityVersion = "Xcode 9.3";
			developmentRegion = en;
			hasScannedForEncodings = 0;
			knownRegions = (
				en,
				Base,
			);
			mainGroup = 532039342212415100AB3089;
			productRefGroup = 5320393E2212415100AB3089 /* Products */;
			projectDirPath = "";
			projectRoot = "";
			targets = (
				5320393C2212415100AB3089 /* Finstagram */,
			);
		};
/* End PBXProject section */

/* Begin PBXResourcesBuildPhase section */
		5320393B2212415100AB3089 /* Resources */ = {
			isa = PBXResourcesBuildPhase;
			buildActionMask = 2147483647;
			files = (
				5320394B2212415300AB3089 /* LaunchScreen.storyboard in Resources */,
				532039482212415300AB3089 /* Assets.xcassets in Resources */,
				532039462212415100AB3089 /* Main.storyboard in Resources */,
			);
			runOnlyForDeploymentPostprocessing = 0;
		};
/* End PBXResourcesBuildPhase section */

/* Begin PBXShellScriptBuildPhase section */
		E523C6895D3A115383E73825 /* [CP] Check Pods Manifest.lock */ = {
			isa = PBXShellScriptBuildPhase;
			buildActionMask = 2147483647;
			files = (
			);
			inputFileListPaths = (
			);
			inputPaths = (
				"${PODS_PODFILE_DIR_PATH}/Podfile.lock",
				"${PODS_ROOT}/Manifest.lock",
			);
			name = "[CP] Check Pods Manifest.lock";
			outputFileListPaths = (
			);
			outputPaths = (
				"$(DERIVED_FILE_DIR)/Pods-Finstagram-checkManifestLockResult.txt",
			);
			runOnlyForDeploymentPostprocessing = 0;
			shellPath = /bin/sh;
			shellScript = "diff \"${PODS_PODFILE_DIR_PATH}/Podfile.lock\" \"${PODS_ROOT}/Manifest.lock\" > /dev/null\nif [ $? != 0 ] ; then\n    # print error to STDERR\n    echo \"error: The sandbox is not in sync with the Podfile.lock. Run 'pod install' or update your CocoaPods installation.\" >&2\n    exit 1\nfi\n# This output is used by Xcode 'outputs' to avoid re-running this script phase.\necho \"SUCCESS\" > \"${SCRIPT_OUTPUT_FILE_0}\"\n";
			showEnvVarsInLog = 0;
		};
		E5A136ED816EF0F14691D179 /* [CP] Embed Pods Frameworks */ = {
			isa = PBXShellScriptBuildPhase;
			buildActionMask = 2147483647;
			files = (
			);
			inputFileListPaths = (
			);
			inputPaths = (
				"${SRCROOT}/Pods/Target Support Files/Pods-Finstagram/Pods-Finstagram-frameworks.sh",
				"${BUILT_PRODUCTS_DIR}/Alamofire/Alamofire.framework",
				"${BUILT_PRODUCTS_DIR}/AlamofireImage/AlamofireImage.framework",
				"${BUILT_PRODUCTS_DIR}/Bolts/Bolts.framework",
				"${BUILT_PRODUCTS_DIR}/MessageInputBar/MessageInputBar.framework",
				"${BUILT_PRODUCTS_DIR}/Parse/Parse.framework",
			);
			name = "[CP] Embed Pods Frameworks";
			outputFileListPaths = (
			);
			outputPaths = (
				"${TARGET_BUILD_DIR}/${FRAMEWORKS_FOLDER_PATH}/Alamofire.framework",
				"${TARGET_BUILD_DIR}/${FRAMEWORKS_FOLDER_PATH}/AlamofireImage.framework",
				"${TARGET_BUILD_DIR}/${FRAMEWORKS_FOLDER_PATH}/Bolts.framework",
				"${TARGET_BUILD_DIR}/${FRAMEWORKS_FOLDER_PATH}/MessageInputBar.framework",
				"${TARGET_BUILD_DIR}/${FRAMEWORKS_FOLDER_PATH}/Parse.framework",
			);
			runOnlyForDeploymentPostprocessing = 0;
			shellPath = /bin/sh;
			shellScript = "\"${SRCROOT}/Pods/Target Support Files/Pods-Finstagram/Pods-Finstagram-frameworks.sh\"\n";
			showEnvVarsInLog = 0;
		};
/* End PBXShellScriptBuildPhase section */

/* Begin PBXSourcesBuildPhase section */
		532039392212415100AB3089 /* Sources */ = {
			isa = PBXSourcesBuildPhase;
			buildActionMask = 2147483647;
			files = (
				532039532212634D00AB3089 /* LoginViewController.swift in Sources */,
				53CF44A3221A4F6700D5C231 /* CameraViewController.swift in Sources */,
				53CF44A5221A68E500D5C231 /* PostTableViewCell.swift in Sources */,
				532039552212636700AB3089 /* FeedViewController.swift in Sources */,
				532039412212415100AB3089 /* AppDelegate.swift in Sources */,
				5335A9D022260AF100B427DF /* CommentCell.swift in Sources */,
			);
			runOnlyForDeploymentPostprocessing = 0;
		};
/* End PBXSourcesBuildPhase section */

/* Begin PBXVariantGroup section */
		532039442212415100AB3089 /* Main.storyboard */ = {
			isa = PBXVariantGroup;
			children = (
				532039452212415100AB3089 /* Base */,
			);
			name = Main.storyboard;
			sourceTree = "<group>";
		};
		532039492212415300AB3089 /* LaunchScreen.storyboard */ = {
			isa = PBXVariantGroup;
			children = (
				5320394A2212415300AB3089 /* Base */,
			);
			name = LaunchScreen.storyboard;
			sourceTree = "<group>";
		};
/* End PBXVariantGroup section */

/* Begin XCBuildConfiguration section */
		5320394D2212415300AB3089 /* Debug */ = {
			isa = XCBuildConfiguration;
			buildSettings = {
				ALWAYS_SEARCH_USER_PATHS = NO;
				CLANG_ANALYZER_NONNULL = YES;
				CLANG_ANALYZER_NUMBER_OBJECT_CONVERSION = YES_AGGRESSIVE;
				CLANG_CXX_LANGUAGE_STANDARD = "gnu++14";
				CLANG_CXX_LIBRARY = "libc++";
				CLANG_ENABLE_MODULES = YES;
				CLANG_ENABLE_OBJC_ARC = YES;
				CLANG_ENABLE_OBJC_WEAK = YES;
				CLANG_WARN_BLOCK_CAPTURE_AUTORELEASING = YES;
				CLANG_WARN_BOOL_CONVERSION = YES;
				CLANG_WARN_COMMA = YES;
				CLANG_WARN_CONSTANT_CONVERSION = YES;
				CLANG_WARN_DEPRECATED_OBJC_IMPLEMENTATIONS = YES;
				CLANG_WARN_DIRECT_OBJC_ISA_USAGE = YES_ERROR;
				CLANG_WARN_DOCUMENTATION_COMMENTS = YES;
				CLANG_WARN_EMPTY_BODY = YES;
				CLANG_WARN_ENUM_CONVERSION = YES;
				CLANG_WARN_INFINITE_RECURSION = YES;
				CLANG_WARN_INT_CONVERSION = YES;
				CLANG_WARN_NON_LITERAL_NULL_CONVERSION = YES;
				CLANG_WARN_OBJC_IMPLICIT_RETAIN_SELF = YES;
				CLANG_WARN_OBJC_LITERAL_CONVERSION = YES;
				CLANG_WARN_OBJC_ROOT_CLASS = YES_ERROR;
				CLANG_WARN_RANGE_LOOP_ANALYSIS = YES;
				CLANG_WARN_STRICT_PROTOTYPES = YES;
				CLANG_WARN_SUSPICIOUS_MOVE = YES;
				CLANG_WARN_UNGUARDED_AVAILABILITY = YES_AGGRESSIVE;
				CLANG_WARN_UNREACHABLE_CODE = YES;
				CLANG_WARN__DUPLICATE_METHOD_MATCH = YES;
				CODE_SIGN_IDENTITY = "iPhone Developer";
				COPY_PHASE_STRIP = NO;
				DEBUG_INFORMATION_FORMAT = dwarf;
				ENABLE_STRICT_OBJC_MSGSEND = YES;
				ENABLE_TESTABILITY = YES;
				GCC_C_LANGUAGE_STANDARD = gnu11;
				GCC_DYNAMIC_NO_PIC = NO;
				GCC_NO_COMMON_BLOCKS = YES;
				GCC_OPTIMIZATION_LEVEL = 0;
				GCC_PREPROCESSOR_DEFINITIONS = (
					"DEBUG=1",
					"$(inherited)",
				);
				GCC_WARN_64_TO_32_BIT_CONVERSION = YES;
				GCC_WARN_ABOUT_RETURN_TYPE = YES_ERROR;
				GCC_WARN_UNDECLARED_SELECTOR = YES;
				GCC_WARN_UNINITIALIZED_AUTOS = YES_AGGRESSIVE;
				GCC_WARN_UNUSED_FUNCTION = YES;
				GCC_WARN_UNUSED_VARIABLE = YES;
				IPHONEOS_DEPLOYMENT_TARGET = 12.1;
				MTL_ENABLE_DEBUG_INFO = INCLUDE_SOURCE;
				MTL_FAST_MATH = YES;
				ONLY_ACTIVE_ARCH = YES;
				SDKROOT = iphoneos;
				SWIFT_ACTIVE_COMPILATION_CONDITIONS = DEBUG;
				SWIFT_OPTIMIZATION_LEVEL = "-Onone";
			};
			name = Debug;
		};
		5320394E2212415300AB3089 /* Release */ = {
			isa = XCBuildConfiguration;
			buildSettings = {
				ALWAYS_SEARCH_USER_PATHS = NO;
				CLANG_ANALYZER_NONNULL = YES;
				CLANG_ANALYZER_NUMBER_OBJECT_CONVERSION = YES_AGGRESSIVE;
				CLANG_CXX_LANGUAGE_STANDARD = "gnu++14";
				CLANG_CXX_LIBRARY = "libc++";
				CLANG_ENABLE_MODULES = YES;
				CLANG_ENABLE_OBJC_ARC = YES;
				CLANG_ENABLE_OBJC_WEAK = YES;
				CLANG_WARN_BLOCK_CAPTURE_AUTORELEASING = YES;
				CLANG_WARN_BOOL_CONVERSION = YES;
				CLANG_WARN_COMMA = YES;
				CLANG_WARN_CONSTANT_CONVERSION = YES;
				CLANG_WARN_DEPRECATED_OBJC_IMPLEMENTATIONS = YES;
				CLANG_WARN_DIRECT_OBJC_ISA_USAGE = YES_ERROR;
				CLANG_WARN_DOCUMENTATION_COMMENTS = YES;
				CLANG_WARN_EMPTY_BODY = YES;
				CLANG_WARN_ENUM_CONVERSION = YES;
				CLANG_WARN_INFINITE_RECURSION = YES;
				CLANG_WARN_INT_CONVERSION = YES;
				CLANG_WARN_NON_LITERAL_NULL_CONVERSION = YES;
				CLANG_WARN_OBJC_IMPLICIT_RETAIN_SELF = YES;
				CLANG_WARN_OBJC_LITERAL_CONVERSION = YES;
				CLANG_WARN_OBJC_ROOT_CLASS = YES_ERROR;
				CLANG_WARN_RANGE_LOOP_ANALYSIS = YES;
				CLANG_WARN_STRICT_PROTOTYPES = YES;
				CLANG_WARN_SUSPICIOUS_MOVE = YES;
				CLANG_WARN_UNGUARDED_AVAILABILITY = YES_AGGRESSIVE;
				CLANG_WARN_UNREACHABLE_CODE = YES;
				CLANG_WARN__DUPLICATE_METHOD_MATCH = YES;
				CODE_SIGN_IDENTITY = "iPhone Developer";
				COPY_PHASE_STRIP = NO;
				DEBUG_INFORMATION_FORMAT = "dwarf-with-dsym";
				ENABLE_NS_ASSERTIONS = NO;
				ENABLE_STRICT_OBJC_MSGSEND = YES;
				GCC_C_LANGUAGE_STANDARD = gnu11;
				GCC_NO_COMMON_BLOCKS = YES;
				GCC_WARN_64_TO_32_BIT_CONVERSION = YES;
				GCC_WARN_ABOUT_RETURN_TYPE = YES_ERROR;
				GCC_WARN_UNDECLARED_SELECTOR = YES;
				GCC_WARN_UNINITIALIZED_AUTOS = YES_AGGRESSIVE;
				GCC_WARN_UNUSED_FUNCTION = YES;
				GCC_WARN_UNUSED_VARIABLE = YES;
				IPHONEOS_DEPLOYMENT_TARGET = 12.1;
				MTL_ENABLE_DEBUG_INFO = NO;
				MTL_FAST_MATH = YES;
				SDKROOT = iphoneos;
				SWIFT_COMPILATION_MODE = wholemodule;
				SWIFT_OPTIMIZATION_LEVEL = "-O";
				VALIDATE_PRODUCT = YES;
			};
			name = Release;
		};
		532039502212415300AB3089 /* Debug */ = {
			isa = XCBuildConfiguration;
			baseConfigurationReference = C2EE96DBB86F484E49DA937A /* Pods-Finstagram.debug.xcconfig */;
			buildSettings = {
				ASSETCATALOG_COMPILER_APPICON_NAME = AppIcon;
				CODE_SIGN_STYLE = Automatic;
				INFOPLIST_FILE = Finstagram/Info.plist;
				LD_RUNPATH_SEARCH_PATHS = (
					"$(inherited)",
					"@executable_path/Frameworks",
				);
				PRODUCT_BUNDLE_IDENTIFIER = keithatan.Finstagram;
				PRODUCT_NAME = "$(TARGET_NAME)";
				SWIFT_VERSION = 4.2;
				TARGETED_DEVICE_FAMILY = "1,2";
			};
			name = Debug;
		};
		532039512212415300AB3089 /* Release */ = {
			isa = XCBuildConfiguration;
			baseConfigurationReference = 55C4038547E6DF75D9F74BC0 /* Pods-Finstagram.release.xcconfig */;
			buildSettings = {
				ASSETCATALOG_COMPILER_APPICON_NAME = AppIcon;
				CODE_SIGN_STYLE = Automatic;
				INFOPLIST_FILE = Finstagram/Info.plist;
				LD_RUNPATH_SEARCH_PATHS = (
					"$(inherited)",
					"@executable_path/Frameworks",
				);
				PRODUCT_BUNDLE_IDENTIFIER = keithatan.Finstagram;
				PRODUCT_NAME = "$(TARGET_NAME)";
				SWIFT_VERSION = 4.2;
				TARGETED_DEVICE_FAMILY = "1,2";
			};
			name = Release;
		};
/* End XCBuildConfiguration section */

/* Begin XCConfigurationList section */
		532039382212415100AB3089 /* Build configuration list for PBXProject "Finstagram" */ = {
			isa = XCConfigurationList;
			buildConfigurations = (
				5320394D2212415300AB3089 /* Debug */,
				5320394E2212415300AB3089 /* Release */,
			);
			defaultConfigurationIsVisible = 0;
			defaultConfigurationName = Release;
		};
		5320394F2212415300AB3089 /* Build configuration list for PBXNativeTarget "Finstagram" */ = {
			isa = XCConfigurationList;
			buildConfigurations = (
				532039502212415300AB3089 /* Debug */,
				532039512212415300AB3089 /* Release */,
			);
			defaultConfigurationIsVisible = 0;
			defaultConfigurationName = Release;
		};
/* End XCConfigurationList section */
	};
	rootObject = 532039352212415100AB3089 /* Project object */;
}
